
Microsoft Visual Studio Solution File, Format Version 12.00
# Visual Studio 15
VisualStudioVersion = 15.0.26124.0
MinimumVisualStudioVersion = 15.0.26124.0
Project("{FAE04EC0-301F-11D3-BF4B-00C04F79EFBC}") = "Azure.Docker.Demo.Api", "Azure.Docker.Demo.Api\Azure.Docker.Demo.Api.csproj", "{DD72DF0A-F74C-485D-81B8-104A515301EA}"
EndProject
Project("{FAE04EC0-301F-11D3-BF4B-00C04F79EFBC}") = "Azure.Docker.Datalayer", "Azure.Docker.Datalayer\Azure.Docker.Datalayer.csproj", "{F4FE50D8-49B8-4A47-B8B8-FF960DF77553}"
EndProject
Global
	GlobalSection(SolutionConfigurationPlatforms) = preSolution
		Debug|Any CPU = Debug|Any CPU
		Debug|x64 = Debug|x64
		Debug|x86 = Debug|x86
		Release|Any CPU = Release|Any CPU
		Release|x64 = Release|x64
		Release|x86 = Release|x86
	EndGlobalSection
	GlobalSection(SolutionProperties) = preSolution
		HideSolutionNode = FALSE
	EndGlobalSection
	GlobalSection(ProjectConfigurationPlatforms) = postSolution
		{DD72DF0A-F74C-485D-81B8-104A515301EA}.Debug|Any CPU.ActiveCfg = Debug|Any CPU
		{DD72DF0A-F74C-485D-81B8-104A515301EA}.Debug|Any CPU.Build.0 = Debug|Any CPU
		{DD72DF0A-F74C-485D-81B8-104A515301EA}.Debug|x64.ActiveCfg = Debug|Any CPU
		{DD72DF0A-F74C-485D-81B8-104A515301EA}.Debug|x64.Build.0 = Debug|Any CPU
		{DD72DF0A-F74C-485D-81B8-104A515301EA}.Debug|x86.ActiveCfg = Debug|Any CPU
		{DD72DF0A-F74C-485D-81B8-104A515301EA}.Debug|x86.Build.0 = Debug|Any CPU
		{DD72DF0A-F74C-485D-81B8-104A515301EA}.Release|Any CPU.ActiveCfg = Release|Any CPU
		{DD72DF0A-F74C-485D-81B8-104A515301EA}.Release|Any CPU.Build.0 = Release|Any CPU
		{DD72DF0A-F74C-485D-81B8-104A515301EA}.Release|x64.ActiveCfg = Release|Any CPU
		{DD72DF0A-F74C-485D-81B8-104A515301EA}.Release|x64.Build.0 = Release|Any CPU
		{DD72DF0A-F74C-485D-81B8-104A515301EA}.Release|x86.ActiveCfg = Release|Any CPU
		{DD72DF0A-F74C-485D-81B8-104A515301EA}.Release|x86.Build.0 = Release|Any CPU
		{F4FE50D8-49B8-4A47-B8B8-FF960DF77553}.Debug|Any CPU.ActiveCfg = Debug|Any CPU
		{F4FE50D8-49B8-4A47-B8B8-FF960DF77553}.Debug|Any CPU.Build.0 = Debug|Any CPU
		{F4FE50D8-49B8-4A47-B8B8-FF960DF77553}.Debug|x64.ActiveCfg = Debug|Any CPU
		{F4FE50D8-49B8-4A47-B8B8-FF960DF77553}.Debug|x64.Build.0 = Debug|Any CPU
		{F4FE50D8-49B8-4A47-B8B8-FF960DF77553}.Debug|x86.ActiveCfg = Debug|Any CPU
		{F4FE50D8-49B8-4A47-B8B8-FF960DF77553}.Debug|x86.Build.0 = Debug|Any CPU
		{F4FE50D8-49B8-4A47-B8B8-FF960DF77553}.Release|Any CPU.ActiveCfg = Release|Any CPU
		{F4FE50D8-49B8-4A47-B8B8-FF960DF77553}.Release|Any CPU.Build.0 = Release|Any CPU
		{F4FE50D8-49B8-4A47-B8B8-FF960DF77553}.Release|x64.ActiveCfg = Release|Any CPU
		{F4FE50D8-49B8-4A47-B8B8-FF960DF77553}.Release|x64.Build.0 = Release|Any CPU
		{F4FE50D8-49B8-4A47-B8B8-FF960DF77553}.Release|x86.ActiveCfg = Release|Any CPU
		{F4FE50D8-49B8-4A47-B8B8-FF960DF77553}.Release|x86.Build.0 = Release|Any CPU
	EndGlobalSection
EndGlobal
